
Microsoft Visual Studio Solution File, Format Version 12.00
Project("{FAE04EC0-301F-11D3-BF4B-00C04F79EFBC}") = "Business", "Business\Business.csproj", "{83F1009D-D968-487B-B7B3-7AAB1CC682B0}"
EndProject
Project("{FAE04EC0-301F-11D3-BF4B-00C04F79EFBC}") = "GameLibraryAPI Test", "GameLibraryAPI Test\GameLibraryAPI Test.csproj", "{6604935A-BECB-4B24-AF1E-346FE2E0C7F7}"
EndProject
Global
	GlobalSection(SolutionConfigurationPlatforms) = preSolution
		Debug|Any CPU = Debug|Any CPU
		Release|Any CPU = Release|Any CPU
	EndGlobalSection
	GlobalSection(ProjectConfigurationPlatforms) = postSolution
		{83F1009D-D968-487B-B7B3-7AAB1CC682B0}.Debug|Any CPU.ActiveCfg = Debug|Any CPU
		{83F1009D-D968-487B-B7B3-7AAB1CC682B0}.Debug|Any CPU.Build.0 = Debug|Any CPU
		{83F1009D-D968-487B-B7B3-7AAB1CC682B0}.Release|Any CPU.ActiveCfg = Release|Any CPU
		{83F1009D-D968-487B-B7B3-7AAB1CC682B0}.Release|Any CPU.Build.0 = Release|Any CPU
		{6604935A-BECB-4B24-AF1E-346FE2E0C7F7}.Debug|Any CPU.ActiveCfg = Debug|Any CPU
		{6604935A-BECB-4B24-AF1E-346FE2E0C7F7}.Debug|Any CPU.Build.0 = Debug|Any CPU
		{6604935A-BECB-4B24-AF1E-346FE2E0C7F7}.Release|Any CPU.ActiveCfg = Release|Any CPU
		{6604935A-BECB-4B24-AF1E-346FE2E0C7F7}.Release|Any CPU.Build.0 = Release|Any CPU
	EndGlobalSection
EndGlobal
